
Microsoft Visual Studio Solution File, Format Version 12.00
# Visual Studio Version 16
VisualStudioVersion = 16.0.31402.337
MinimumVisualStudioVersion = 10.0.40219.1
Project("{FAE04EC0-301F-11D3-BF4B-00C04F79EFBC}") = "letuchka1", "letuchka1\letuchka1.csproj", "{5B8E1D69-03EE-4EB0-ACFD-1B486569CA77}"
EndProject
Global
	GlobalSection(SolutionConfigurationPlatforms) = preSolution
		Debug|Any CPU = Debug|Any CPU
		Release|Any CPU = Release|Any CPU
	EndGlobalSection
	GlobalSection(ProjectConfigurationPlatforms) = postSolution
		{5B8E1D69-03EE-4EB0-ACFD-1B486569CA77}.Debug|Any CPU.ActiveCfg = Debug|Any CPU
		{5B8E1D69-03EE-4EB0-ACFD-1B486569CA77}.Debug|Any CPU.Build.0 = Debug|Any CPU
		{5B8E1D69-03EE-4EB0-ACFD-1B486569CA77}.Release|Any CPU.ActiveCfg = Release|Any CPU
		{5B8E1D69-03EE-4EB0-ACFD-1B486569CA77}.Release|Any CPU.Build.0 = Release|Any CPU
	EndGlobalSection
	GlobalSection(SolutionProperties) = preSolution
		HideSolutionNode = FALSE
	EndGlobalSection
	GlobalSection(ExtensibilityGlobals) = postSolution
		SolutionGuid = {35551FA9-179E-4BAC-86A6-195A257070DE}
	EndGlobalSection
EndGlobal
